
Microsoft Visual Studio Solution File, Format Version 12.00
# Visual Studio Version 16
VisualStudioVersion = 16.0.30225.117
MinimumVisualStudioVersion = 10.0.40219.1
Project("{9092AA53-FB77-4645-B42D-1CCCA6BD08BD}") = "lab4", "lab4\lab4.njsproj", "{B3A84A4E-2551-454E-A35A-2F71E2FF7909}"
EndProject
Global
	GlobalSection(SolutionConfigurationPlatforms) = preSolution
		Debug|Any CPU = Debug|Any CPU
		Release|Any CPU = Release|Any CPU
	EndGlobalSection
	GlobalSection(ProjectConfigurationPlatforms) = postSolution
		{B3A84A4E-2551-454E-A35A-2F71E2FF7909}.Debug|Any CPU.ActiveCfg = Debug|Any CPU
		{B3A84A4E-2551-454E-A35A-2F71E2FF7909}.Debug|Any CPU.Build.0 = Debug|Any CPU
		{B3A84A4E-2551-454E-A35A-2F71E2FF7909}.Release|Any CPU.ActiveCfg = Release|Any CPU
		{B3A84A4E-2551-454E-A35A-2F71E2FF7909}.Release|Any CPU.Build.0 = Release|Any CPU
	EndGlobalSection
	GlobalSection(SolutionProperties) = preSolution
		HideSolutionNode = FALSE
	EndGlobalSection
	GlobalSection(ExtensibilityGlobals) = postSolution
		SolutionGuid = {16F070D7-E7C6-4091-99D0-D0269C2DCCD9}
	EndGlobalSection
EndGlobal
